
Microsoft Visual Studio Solution File, Format Version 12.00
# Visual Studio Version 16
VisualStudioVersion = 16.0.29215.179
MinimumVisualStudioVersion = 10.0.40219.1
Project("{9A19103F-16F7-4668-BE54-9A1E7A4F7556}") = "Tienda", "Tienda.csproj", "{4D6597B7-FCC3-44E7-A1AD-F9C4851F3893}"
EndProject
Project("{9A19103F-16F7-4668-BE54-9A1E7A4F7556}") = "Entidad", "..\Entidad\Entidad.csproj", "{9BAE1B27-141F-4F37-823C-79991316CF1F}"
EndProject
Project("{9A19103F-16F7-4668-BE54-9A1E7A4F7556}") = "Datos", "..\Datos\Datos.csproj", "{F91E35DE-9C13-409E-A7AE-F0BB2E04DC43}"
EndProject
Project("{9A19103F-16F7-4668-BE54-9A1E7A4F7556}") = "Logica", "..\Logica\Logica.csproj", "{87A08773-2E15-477D-9530-B48CBB741129}"
EndProject
Project("{FAE04EC0-301F-11D3-BF4B-00C04F79EFBC}") = "Menu", "..\Menu\Menu.csproj", "{26C8C51D-D9C4-42ED-B024-7F460A246464}"
EndProject
Global
	GlobalSection(SolutionConfigurationPlatforms) = preSolution
		Debug|Any CPU = Debug|Any CPU
		Release|Any CPU = Release|Any CPU
	EndGlobalSection
	GlobalSection(ProjectConfigurationPlatforms) = postSolution
		{4D6597B7-FCC3-44E7-A1AD-F9C4851F3893}.Debug|Any CPU.ActiveCfg = Debug|Any CPU
		{4D6597B7-FCC3-44E7-A1AD-F9C4851F3893}.Debug|Any CPU.Build.0 = Debug|Any CPU
		{4D6597B7-FCC3-44E7-A1AD-F9C4851F3893}.Release|Any CPU.ActiveCfg = Release|Any CPU
		{4D6597B7-FCC3-44E7-A1AD-F9C4851F3893}.Release|Any CPU.Build.0 = Release|Any CPU
		{9BAE1B27-141F-4F37-823C-79991316CF1F}.Debug|Any CPU.ActiveCfg = Debug|Any CPU
		{9BAE1B27-141F-4F37-823C-79991316CF1F}.Debug|Any CPU.Build.0 = Debug|Any CPU
		{9BAE1B27-141F-4F37-823C-79991316CF1F}.Release|Any CPU.ActiveCfg = Release|Any CPU
		{9BAE1B27-141F-4F37-823C-79991316CF1F}.Release|Any CPU.Build.0 = Release|Any CPU
		{F91E35DE-9C13-409E-A7AE-F0BB2E04DC43}.Debug|Any CPU.ActiveCfg = Debug|Any CPU
		{F91E35DE-9C13-409E-A7AE-F0BB2E04DC43}.Debug|Any CPU.Build.0 = Debug|Any CPU
		{F91E35DE-9C13-409E-A7AE-F0BB2E04DC43}.Release|Any CPU.ActiveCfg = Release|Any CPU
		{F91E35DE-9C13-409E-A7AE-F0BB2E04DC43}.Release|Any CPU.Build.0 = Release|Any CPU
		{87A08773-2E15-477D-9530-B48CBB741129}.Debug|Any CPU.ActiveCfg = Debug|Any CPU
		{87A08773-2E15-477D-9530-B48CBB741129}.Debug|Any CPU.Build.0 = Debug|Any CPU
		{87A08773-2E15-477D-9530-B48CBB741129}.Release|Any CPU.ActiveCfg = Release|Any CPU
		{87A08773-2E15-477D-9530-B48CBB741129}.Release|Any CPU.Build.0 = Release|Any CPU
		{26C8C51D-D9C4-42ED-B024-7F460A246464}.Debug|Any CPU.ActiveCfg = Debug|Any CPU
		{26C8C51D-D9C4-42ED-B024-7F460A246464}.Debug|Any CPU.Build.0 = Debug|Any CPU
		{26C8C51D-D9C4-42ED-B024-7F460A246464}.Release|Any CPU.ActiveCfg = Release|Any CPU
		{26C8C51D-D9C4-42ED-B024-7F460A246464}.Release|Any CPU.Build.0 = Release|Any CPU
	EndGlobalSection
	GlobalSection(SolutionProperties) = preSolution
		HideSolutionNode = FALSE
	EndGlobalSection
	GlobalSection(ExtensibilityGlobals) = postSolution
		SolutionGuid = {A800D171-D10D-4C0A-9860-6F62A00E0D50}
	EndGlobalSection
EndGlobal
